
Microsoft Visual Studio Solution File, Format Version 12.00
# Visual Studio Version 17
VisualStudioVersion = 17.0.31903.59
MinimumVisualStudioVersion = 10.0.40219.1
Project("{FAE04EC0-301F-11D3-BF4B-00C04F79EFBC}") = "FizzBuzz.Cognition", "FizzBuzz.Cognition\FizzBuzz.Cognition.csproj", "{5860D023-F714-448B-82F0-50F420A95B5F}"
EndProject
Project("{FAE04EC0-301F-11D3-BF4B-00C04F79EFBC}") = "FizzBuzz.Shaping", "FizzBuzz.Shaping\FizzBuzz.Shaping.csproj", "{1D3163DC-293C-41F3-8AC9-65E866EAEC70}"
EndProject
Global
	GlobalSection(SolutionConfigurationPlatforms) = preSolution
		Debug|Any CPU = Debug|Any CPU
		Release|Any CPU = Release|Any CPU
	EndGlobalSection
	GlobalSection(ProjectConfigurationPlatforms) = postSolution
		{5860D023-F714-448B-82F0-50F420A95B5F}.Debug|Any CPU.ActiveCfg = Debug|Any CPU
		{5860D023-F714-448B-82F0-50F420A95B5F}.Debug|Any CPU.Build.0 = Debug|Any CPU
		{5860D023-F714-448B-82F0-50F420A95B5F}.Release|Any CPU.ActiveCfg = Release|Any CPU
		{5860D023-F714-448B-82F0-50F420A95B5F}.Release|Any CPU.Build.0 = Release|Any CPU
		{1D3163DC-293C-41F3-8AC9-65E866EAEC70}.Debug|Any CPU.ActiveCfg = Debug|Any CPU
		{1D3163DC-293C-41F3-8AC9-65E866EAEC70}.Debug|Any CPU.Build.0 = Debug|Any CPU
		{1D3163DC-293C-41F3-8AC9-65E866EAEC70}.Release|Any CPU.ActiveCfg = Release|Any CPU
		{1D3163DC-293C-41F3-8AC9-65E866EAEC70}.Release|Any CPU.Build.0 = Release|Any CPU
	EndGlobalSection
	GlobalSection(SolutionProperties) = preSolution
		HideSolutionNode = FALSE
	EndGlobalSection
EndGlobal
