
Microsoft Visual Studio Solution File, Format Version 12.00
# Visual Studio Version 17
VisualStudioVersion = 17.14.36109.1
MinimumVisualStudioVersion = 10.0.40219.1
Project("{FAE04EC0-301F-11D3-BF4B-00C04F79EFBC}") = "Tests", "Tests\Tests.csproj", "{9CF47860-2CEA-F379-09D8-9AEF27965D12}"
EndProject
Project("{FAE04EC0-301F-11D3-BF4B-00C04F79EFBC}") = "ThoughtSharp.Runtime", "ThoughtSharp.Runtime\ThoughtSharp.Runtime.csproj", "{8E1673D3-2EE8-472A-88E0-65D2F3E36193}"
EndProject
Project("{FAE04EC0-301F-11D3-BF4B-00C04F79EFBC}") = "ThoughtSharp.Generator", "ThoughtSharp.Generator\ThoughtSharp.Generator.csproj", "{2B11FBD7-B6A7-44A1-9B0B-050138F3D5E5}"
EndProject
Project("{FAE04EC0-301F-11D3-BF4B-00C04F79EFBC}") = "ThoughtSharp.Adapters.TorchSharp", "ThoughtSharp.Adapters.TorchSharp\ThoughtSharp.Adapters.TorchSharp.csproj", "{50B6726E-11DA-434E-A18F-36E0039120A5}"
EndProject
Project("{FAE04EC0-301F-11D3-BF4B-00C04F79EFBC}") = "ThoughtSharp.Example.FizzBuzz", "ThoughtSharp.Example.FizzBuzz\ThoughtSharp.Example.FizzBuzz.csproj", "{042FEAEB-96A3-4C38-B9E2-E70CDB14F669}"
EndProject
Project("{FAE04EC0-301F-11D3-BF4B-00C04F79EFBC}") = "ThoughtSharp.Scenarios", "ThoughtSharp.Scenarios\ThoughtSharp.Scenarios.csproj", "{086C458B-CFB3-4A85-90E3-D4D9DA5E2B9B}"
EndProject
Project("{FAE04EC0-301F-11D3-BF4B-00C04F79EFBC}") = "ThoughtSharp.Scenarios.Model", "ThoughtSharp.Scenarios.Model\ThoughtSharp.Scenarios.Model.csproj", "{2BF9513D-4139-44C1-9A9C-F2C20FB26581}"
EndProject
Project("{FAE04EC0-301F-11D3-BF4B-00C04F79EFBC}") = "Tests.SampleScenarios", "Tests.SampleScenarios\Tests.SampleScenarios.csproj", "{7AD00297-6680-437A-8915-CC17578767C9}"
EndProject
Global
	GlobalSection(SolutionConfigurationPlatforms) = preSolution
		Debug|Any CPU = Debug|Any CPU
		Release|Any CPU = Release|Any CPU
	EndGlobalSection
	GlobalSection(ProjectConfigurationPlatforms) = postSolution
		{9CF47860-2CEA-F379-09D8-9AEF27965D12}.Debug|Any CPU.ActiveCfg = Debug|Any CPU
		{9CF47860-2CEA-F379-09D8-9AEF27965D12}.Debug|Any CPU.Build.0 = Debug|Any CPU
		{9CF47860-2CEA-F379-09D8-9AEF27965D12}.Release|Any CPU.ActiveCfg = Release|Any CPU
		{9CF47860-2CEA-F379-09D8-9AEF27965D12}.Release|Any CPU.Build.0 = Release|Any CPU
		{8E1673D3-2EE8-472A-88E0-65D2F3E36193}.Debug|Any CPU.ActiveCfg = Debug|Any CPU
		{8E1673D3-2EE8-472A-88E0-65D2F3E36193}.Debug|Any CPU.Build.0 = Debug|Any CPU
		{8E1673D3-2EE8-472A-88E0-65D2F3E36193}.Release|Any CPU.ActiveCfg = Release|Any CPU
		{8E1673D3-2EE8-472A-88E0-65D2F3E36193}.Release|Any CPU.Build.0 = Release|Any CPU
		{2B11FBD7-B6A7-44A1-9B0B-050138F3D5E5}.Debug|Any CPU.ActiveCfg = Debug|Any CPU
		{2B11FBD7-B6A7-44A1-9B0B-050138F3D5E5}.Debug|Any CPU.Build.0 = Debug|Any CPU
		{2B11FBD7-B6A7-44A1-9B0B-050138F3D5E5}.Release|Any CPU.ActiveCfg = Release|Any CPU
		{2B11FBD7-B6A7-44A1-9B0B-050138F3D5E5}.Release|Any CPU.Build.0 = Release|Any CPU
		{50B6726E-11DA-434E-A18F-36E0039120A5}.Debug|Any CPU.ActiveCfg = Debug|Any CPU
		{50B6726E-11DA-434E-A18F-36E0039120A5}.Debug|Any CPU.Build.0 = Debug|Any CPU
		{50B6726E-11DA-434E-A18F-36E0039120A5}.Release|Any CPU.ActiveCfg = Release|Any CPU
		{50B6726E-11DA-434E-A18F-36E0039120A5}.Release|Any CPU.Build.0 = Release|Any CPU
		{042FEAEB-96A3-4C38-B9E2-E70CDB14F669}.Debug|Any CPU.ActiveCfg = Debug|Any CPU
		{042FEAEB-96A3-4C38-B9E2-E70CDB14F669}.Debug|Any CPU.Build.0 = Debug|Any CPU
		{042FEAEB-96A3-4C38-B9E2-E70CDB14F669}.Release|Any CPU.ActiveCfg = Release|Any CPU
		{042FEAEB-96A3-4C38-B9E2-E70CDB14F669}.Release|Any CPU.Build.0 = Release|Any CPU
		{086C458B-CFB3-4A85-90E3-D4D9DA5E2B9B}.Debug|Any CPU.ActiveCfg = Debug|Any CPU
		{086C458B-CFB3-4A85-90E3-D4D9DA5E2B9B}.Debug|Any CPU.Build.0 = Debug|Any CPU
		{086C458B-CFB3-4A85-90E3-D4D9DA5E2B9B}.Release|Any CPU.ActiveCfg = Release|Any CPU
		{086C458B-CFB3-4A85-90E3-D4D9DA5E2B9B}.Release|Any CPU.Build.0 = Release|Any CPU
		{2BF9513D-4139-44C1-9A9C-F2C20FB26581}.Debug|Any CPU.ActiveCfg = Debug|Any CPU
		{2BF9513D-4139-44C1-9A9C-F2C20FB26581}.Debug|Any CPU.Build.0 = Debug|Any CPU
		{2BF9513D-4139-44C1-9A9C-F2C20FB26581}.Release|Any CPU.ActiveCfg = Release|Any CPU
		{2BF9513D-4139-44C1-9A9C-F2C20FB26581}.Release|Any CPU.Build.0 = Release|Any CPU
		{7AD00297-6680-437A-8915-CC17578767C9}.Debug|Any CPU.ActiveCfg = Debug|Any CPU
		{7AD00297-6680-437A-8915-CC17578767C9}.Debug|Any CPU.Build.0 = Debug|Any CPU
		{7AD00297-6680-437A-8915-CC17578767C9}.Release|Any CPU.ActiveCfg = Release|Any CPU
		{7AD00297-6680-437A-8915-CC17578767C9}.Release|Any CPU.Build.0 = Release|Any CPU
	EndGlobalSection
	GlobalSection(SolutionProperties) = preSolution
		HideSolutionNode = FALSE
	EndGlobalSection
	GlobalSection(ExtensibilityGlobals) = postSolution
		SolutionGuid = {C571F9F6-4D6A-430F-A7C5-218267823D7E}
	EndGlobalSection
EndGlobal
